
Microsoft Visual Studio Solution File, Format Version 12.00
Project("{FAE04EC0-301F-11D3-BF4B-00C04F79EFBC}") = "million.api", "million.api\million.api.csproj", "{62A2916C-DB5C-4101-B306-45CDCEE96AAF}"
EndProject
Project("{2150E333-8FDC-42A3-9474-1A3956D46DE8}") = "Solution Items", "Solution Items", "{7CD13EB0-1D7C-4557-B2E3-AFB774E7FAAD}"
	ProjectSection(SolutionItems) = preProject
		compose.yaml = compose.yaml
	EndProjectSection
EndProject
Project("{FAE04EC0-301F-11D3-BF4B-00C04F79EFBC}") = "million.application", "million.application\million.application.csproj", "{84DD453C-BE58-4B29-8FAE-1A5AA3C0941F}"
EndProject
Project("{FAE04EC0-301F-11D3-BF4B-00C04F79EFBC}") = "million.domain", "million.domain\million.domain.csproj", "{B0FF40F0-9E0B-4E4D-BA0F-1C57D5BBEFCD}"
EndProject
Project("{FAE04EC0-301F-11D3-BF4B-00C04F79EFBC}") = "million.infrastructure", "million.infrastructure\million.infrastructure.csproj", "{BF28E9FD-CBCC-4853-AF2D-D776B315657B}"
EndProject
Project("{2150E333-8FDC-42A3-9474-1A3956D46DE8}") = "src", "src", "{C97AD273-CB45-4ECF-820C-89A81EA39334}"
EndProject
Project("{2150E333-8FDC-42A3-9474-1A3956D46DE8}") = "test", "test", "{B6F7A9B7-5464-41EE-B639-4FE895E7BAAC}"
EndProject
Project("{FAE04EC0-301F-11D3-BF4B-00C04F79EFBC}") = "Million.Application.UnitTests", "Million.Application.UnitTests\Million.Application.UnitTests.csproj", "{35332FE1-C270-494A-972D-2AE5C55E7FAD}"
EndProject
Project("{FAE04EC0-301F-11D3-BF4B-00C04F79EFBC}") = "Million.Domain.UnitTests", "Million.Domain.UnitTests\Million.Domain.UnitTests.csproj", "{D5D07867-AE8B-4CD0-A24A-C2EB6BF10A7D}"
EndProject
Project("{FAE04EC0-301F-11D3-BF4B-00C04F79EFBC}") = "Million.Infrastructure.IntegrationTests", "Million.Infrastructure.IntegrationTests\Million.Infrastructure.IntegrationTests.csproj", "{2D323009-4A9A-4EB6-B392-90BC56C649E5}"
EndProject
Global
	GlobalSection(SolutionConfigurationPlatforms) = preSolution
		Debug|Any CPU = Debug|Any CPU
		Debug|x64 = Debug|x64
		Debug|x86 = Debug|x86
		Release|Any CPU = Release|Any CPU
		Release|x64 = Release|x64
		Release|x86 = Release|x86
	EndGlobalSection
	GlobalSection(ProjectConfigurationPlatforms) = postSolution
		{62A2916C-DB5C-4101-B306-45CDCEE96AAF}.Debug|Any CPU.ActiveCfg = Debug|Any CPU
		{62A2916C-DB5C-4101-B306-45CDCEE96AAF}.Debug|Any CPU.Build.0 = Debug|Any CPU
		{62A2916C-DB5C-4101-B306-45CDCEE96AAF}.Debug|x64.ActiveCfg = Debug|Any CPU
		{62A2916C-DB5C-4101-B306-45CDCEE96AAF}.Debug|x64.Build.0 = Debug|Any CPU
		{62A2916C-DB5C-4101-B306-45CDCEE96AAF}.Debug|x86.ActiveCfg = Debug|Any CPU
		{62A2916C-DB5C-4101-B306-45CDCEE96AAF}.Debug|x86.Build.0 = Debug|Any CPU
		{62A2916C-DB5C-4101-B306-45CDCEE96AAF}.Release|Any CPU.ActiveCfg = Release|Any CPU
		{62A2916C-DB5C-4101-B306-45CDCEE96AAF}.Release|Any CPU.Build.0 = Release|Any CPU
		{62A2916C-DB5C-4101-B306-45CDCEE96AAF}.Release|x64.ActiveCfg = Release|Any CPU
		{62A2916C-DB5C-4101-B306-45CDCEE96AAF}.Release|x64.Build.0 = Release|Any CPU
		{62A2916C-DB5C-4101-B306-45CDCEE96AAF}.Release|x86.ActiveCfg = Release|Any CPU
		{62A2916C-DB5C-4101-B306-45CDCEE96AAF}.Release|x86.Build.0 = Release|Any CPU
		{84DD453C-BE58-4B29-8FAE-1A5AA3C0941F}.Debug|Any CPU.ActiveCfg = Debug|Any CPU
		{84DD453C-BE58-4B29-8FAE-1A5AA3C0941F}.Debug|Any CPU.Build.0 = Debug|Any CPU
		{84DD453C-BE58-4B29-8FAE-1A5AA3C0941F}.Debug|x64.ActiveCfg = Debug|Any CPU
		{84DD453C-BE58-4B29-8FAE-1A5AA3C0941F}.Debug|x64.Build.0 = Debug|Any CPU
		{84DD453C-BE58-4B29-8FAE-1A5AA3C0941F}.Debug|x86.ActiveCfg = Debug|Any CPU
		{84DD453C-BE58-4B29-8FAE-1A5AA3C0941F}.Debug|x86.Build.0 = Debug|Any CPU
		{84DD453C-BE58-4B29-8FAE-1A5AA3C0941F}.Release|Any CPU.ActiveCfg = Release|Any CPU
		{84DD453C-BE58-4B29-8FAE-1A5AA3C0941F}.Release|Any CPU.Build.0 = Release|Any CPU
		{84DD453C-BE58-4B29-8FAE-1A5AA3C0941F}.Release|x64.ActiveCfg = Release|Any CPU
		{84DD453C-BE58-4B29-8FAE-1A5AA3C0941F}.Release|x64.Build.0 = Release|Any CPU
		{84DD453C-BE58-4B29-8FAE-1A5AA3C0941F}.Release|x86.ActiveCfg = Release|Any CPU
		{84DD453C-BE58-4B29-8FAE-1A5AA3C0941F}.Release|x86.Build.0 = Release|Any CPU
		{B0FF40F0-9E0B-4E4D-BA0F-1C57D5BBEFCD}.Debug|Any CPU.ActiveCfg = Debug|Any CPU
		{B0FF40F0-9E0B-4E4D-BA0F-1C57D5BBEFCD}.Debug|Any CPU.Build.0 = Debug|Any CPU
		{B0FF40F0-9E0B-4E4D-BA0F-1C57D5BBEFCD}.Debug|x64.ActiveCfg = Debug|Any CPU
		{B0FF40F0-9E0B-4E4D-BA0F-1C57D5BBEFCD}.Debug|x64.Build.0 = Debug|Any CPU
		{B0FF40F0-9E0B-4E4D-BA0F-1C57D5BBEFCD}.Debug|x86.ActiveCfg = Debug|Any CPU
		{B0FF40F0-9E0B-4E4D-BA0F-1C57D5BBEFCD}.Debug|x86.Build.0 = Debug|Any CPU
		{B0FF40F0-9E0B-4E4D-BA0F-1C57D5BBEFCD}.Release|Any CPU.ActiveCfg = Release|Any CPU
		{B0FF40F0-9E0B-4E4D-BA0F-1C57D5BBEFCD}.Release|Any CPU.Build.0 = Release|Any CPU
		{B0FF40F0-9E0B-4E4D-BA0F-1C57D5BBEFCD}.Release|x64.ActiveCfg = Release|Any CPU
		{B0FF40F0-9E0B-4E4D-BA0F-1C57D5BBEFCD}.Release|x64.Build.0 = Release|Any CPU
		{B0FF40F0-9E0B-4E4D-BA0F-1C57D5BBEFCD}.Release|x86.ActiveCfg = Release|Any CPU
		{B0FF40F0-9E0B-4E4D-BA0F-1C57D5BBEFCD}.Release|x86.Build.0 = Release|Any CPU
		{BF28E9FD-CBCC-4853-AF2D-D776B315657B}.Debug|Any CPU.ActiveCfg = Debug|Any CPU
		{BF28E9FD-CBCC-4853-AF2D-D776B315657B}.Debug|Any CPU.Build.0 = Debug|Any CPU
		{BF28E9FD-CBCC-4853-AF2D-D776B315657B}.Debug|x64.ActiveCfg = Debug|Any CPU
		{BF28E9FD-CBCC-4853-AF2D-D776B315657B}.Debug|x64.Build.0 = Debug|Any CPU
		{BF28E9FD-CBCC-4853-AF2D-D776B315657B}.Debug|x86.ActiveCfg = Debug|Any CPU
		{BF28E9FD-CBCC-4853-AF2D-D776B315657B}.Debug|x86.Build.0 = Debug|Any CPU
		{BF28E9FD-CBCC-4853-AF2D-D776B315657B}.Release|Any CPU.ActiveCfg = Release|Any CPU
		{BF28E9FD-CBCC-4853-AF2D-D776B315657B}.Release|Any CPU.Build.0 = Release|Any CPU
		{BF28E9FD-CBCC-4853-AF2D-D776B315657B}.Release|x64.ActiveCfg = Release|Any CPU
		{BF28E9FD-CBCC-4853-AF2D-D776B315657B}.Release|x64.Build.0 = Release|Any CPU
		{BF28E9FD-CBCC-4853-AF2D-D776B315657B}.Release|x86.ActiveCfg = Release|Any CPU
		{BF28E9FD-CBCC-4853-AF2D-D776B315657B}.Release|x86.Build.0 = Release|Any CPU
		{35332FE1-C270-494A-972D-2AE5C55E7FAD}.Debug|Any CPU.ActiveCfg = Debug|Any CPU
		{35332FE1-C270-494A-972D-2AE5C55E7FAD}.Debug|Any CPU.Build.0 = Debug|Any CPU
		{35332FE1-C270-494A-972D-2AE5C55E7FAD}.Debug|x64.ActiveCfg = Debug|Any CPU
		{35332FE1-C270-494A-972D-2AE5C55E7FAD}.Debug|x64.Build.0 = Debug|Any CPU
		{35332FE1-C270-494A-972D-2AE5C55E7FAD}.Debug|x86.ActiveCfg = Debug|Any CPU
		{35332FE1-C270-494A-972D-2AE5C55E7FAD}.Debug|x86.Build.0 = Debug|Any CPU
		{35332FE1-C270-494A-972D-2AE5C55E7FAD}.Release|Any CPU.ActiveCfg = Release|Any CPU
		{35332FE1-C270-494A-972D-2AE5C55E7FAD}.Release|Any CPU.Build.0 = Release|Any CPU
		{35332FE1-C270-494A-972D-2AE5C55E7FAD}.Release|x64.ActiveCfg = Release|Any CPU
		{35332FE1-C270-494A-972D-2AE5C55E7FAD}.Release|x64.Build.0 = Release|Any CPU
		{35332FE1-C270-494A-972D-2AE5C55E7FAD}.Release|x86.ActiveCfg = Release|Any CPU
		{35332FE1-C270-494A-972D-2AE5C55E7FAD}.Release|x86.Build.0 = Release|Any CPU
		{D5D07867-AE8B-4CD0-A24A-C2EB6BF10A7D}.Debug|Any CPU.ActiveCfg = Debug|Any CPU
		{D5D07867-AE8B-4CD0-A24A-C2EB6BF10A7D}.Debug|Any CPU.Build.0 = Debug|Any CPU
		{D5D07867-AE8B-4CD0-A24A-C2EB6BF10A7D}.Debug|x64.ActiveCfg = Debug|Any CPU
		{D5D07867-AE8B-4CD0-A24A-C2EB6BF10A7D}.Debug|x64.Build.0 = Debug|Any CPU
		{D5D07867-AE8B-4CD0-A24A-C2EB6BF10A7D}.Debug|x86.ActiveCfg = Debug|Any CPU
		{D5D07867-AE8B-4CD0-A24A-C2EB6BF10A7D}.Debug|x86.Build.0 = Debug|Any CPU
		{D5D07867-AE8B-4CD0-A24A-C2EB6BF10A7D}.Release|Any CPU.ActiveCfg = Release|Any CPU
		{D5D07867-AE8B-4CD0-A24A-C2EB6BF10A7D}.Release|Any CPU.Build.0 = Release|Any CPU
		{D5D07867-AE8B-4CD0-A24A-C2EB6BF10A7D}.Release|x64.ActiveCfg = Release|Any CPU
		{D5D07867-AE8B-4CD0-A24A-C2EB6BF10A7D}.Release|x64.Build.0 = Release|Any CPU
		{D5D07867-AE8B-4CD0-A24A-C2EB6BF10A7D}.Release|x86.ActiveCfg = Release|Any CPU
		{D5D07867-AE8B-4CD0-A24A-C2EB6BF10A7D}.Release|x86.Build.0 = Release|Any CPU
		{2D323009-4A9A-4EB6-B392-90BC56C649E5}.Debug|Any CPU.ActiveCfg = Debug|Any CPU
		{2D323009-4A9A-4EB6-B392-90BC56C649E5}.Debug|Any CPU.Build.0 = Debug|Any CPU
		{2D323009-4A9A-4EB6-B392-90BC56C649E5}.Debug|x64.ActiveCfg = Debug|Any CPU
		{2D323009-4A9A-4EB6-B392-90BC56C649E5}.Debug|x64.Build.0 = Debug|Any CPU
		{2D323009-4A9A-4EB6-B392-90BC56C649E5}.Debug|x86.ActiveCfg = Debug|Any CPU
		{2D323009-4A9A-4EB6-B392-90BC56C649E5}.Debug|x86.Build.0 = Debug|Any CPU
		{2D323009-4A9A-4EB6-B392-90BC56C649E5}.Release|Any CPU.ActiveCfg = Release|Any CPU
		{2D323009-4A9A-4EB6-B392-90BC56C649E5}.Release|Any CPU.Build.0 = Release|Any CPU
		{2D323009-4A9A-4EB6-B392-90BC56C649E5}.Release|x64.ActiveCfg = Release|Any CPU
		{2D323009-4A9A-4EB6-B392-90BC56C649E5}.Release|x64.Build.0 = Release|Any CPU
		{2D323009-4A9A-4EB6-B392-90BC56C649E5}.Release|x86.ActiveCfg = Release|Any CPU
		{2D323009-4A9A-4EB6-B392-90BC56C649E5}.Release|x86.Build.0 = Release|Any CPU
	EndGlobalSection
	GlobalSection(SolutionProperties) = preSolution
		HideSolutionNode = FALSE
	EndGlobalSection
	GlobalSection(NestedProjects) = preSolution
		{62A2916C-DB5C-4101-B306-45CDCEE96AAF} = {C97AD273-CB45-4ECF-820C-89A81EA39334}
		{84DD453C-BE58-4B29-8FAE-1A5AA3C0941F} = {C97AD273-CB45-4ECF-820C-89A81EA39334}
		{B0FF40F0-9E0B-4E4D-BA0F-1C57D5BBEFCD} = {C97AD273-CB45-4ECF-820C-89A81EA39334}
		{BF28E9FD-CBCC-4853-AF2D-D776B315657B} = {C97AD273-CB45-4ECF-820C-89A81EA39334}
		{35332FE1-C270-494A-972D-2AE5C55E7FAD} = {B6F7A9B7-5464-41EE-B639-4FE895E7BAAC}
		{D5D07867-AE8B-4CD0-A24A-C2EB6BF10A7D} = {B6F7A9B7-5464-41EE-B639-4FE895E7BAAC}
		{2D323009-4A9A-4EB6-B392-90BC56C649E5} = {B6F7A9B7-5464-41EE-B639-4FE895E7BAAC}
	EndGlobalSection
EndGlobal
